
Microsoft Visual Studio Solution File, Format Version 12.00
# Visual Studio Version 16
VisualStudioVersion = 16.0.29613.14
MinimumVisualStudioVersion = 10.0.40219.1
Project("{FAE04EC0-301F-11D3-BF4B-00C04F79EFBC}") = "InRefOut", "InRefOut\InRefOut.csproj", "{8EA2527C-543B-4C8D-94CE-F4CBF4A63185}"
EndProject
Global
	GlobalSection(SolutionConfigurationPlatforms) = preSolution
		Debug|Any CPU = Debug|Any CPU
		Release|Any CPU = Release|Any CPU
	EndGlobalSection
	GlobalSection(ProjectConfigurationPlatforms) = postSolution
		{8EA2527C-543B-4C8D-94CE-F4CBF4A63185}.Debug|Any CPU.ActiveCfg = Debug|Any CPU
		{8EA2527C-543B-4C8D-94CE-F4CBF4A63185}.Debug|Any CPU.Build.0 = Debug|Any CPU
		{8EA2527C-543B-4C8D-94CE-F4CBF4A63185}.Release|Any CPU.ActiveCfg = Release|Any CPU
		{8EA2527C-543B-4C8D-94CE-F4CBF4A63185}.Release|Any CPU.Build.0 = Release|Any CPU
	EndGlobalSection
	GlobalSection(SolutionProperties) = preSolution
		HideSolutionNode = FALSE
	EndGlobalSection
	GlobalSection(ExtensibilityGlobals) = postSolution
		SolutionGuid = {BDE92B8A-16E4-48EF-ABDA-CAE2C7A8EC67}
	EndGlobalSection
EndGlobal
