
Microsoft Visual Studio Solution File, Format Version 12.00
# Visual Studio Version 16
VisualStudioVersion = 16.0.29613.14
MinimumVisualStudioVersion = 10.0.40219.1
Project("{FAE04EC0-301F-11D3-BF4B-00C04F79EFBC}") = "StaticKeyword", "StaticKeyword\StaticKeyword.csproj", "{C46A7F46-CD1E-4886-ACF5-E6B0AC1B6DA3}"
EndProject
Global
	GlobalSection(SolutionConfigurationPlatforms) = preSolution
		Debug|Any CPU = Debug|Any CPU
		Release|Any CPU = Release|Any CPU
	EndGlobalSection
	GlobalSection(ProjectConfigurationPlatforms) = postSolution
		{C46A7F46-CD1E-4886-ACF5-E6B0AC1B6DA3}.Debug|Any CPU.ActiveCfg = Debug|Any CPU
		{C46A7F46-CD1E-4886-ACF5-E6B0AC1B6DA3}.Debug|Any CPU.Build.0 = Debug|Any CPU
		{C46A7F46-CD1E-4886-ACF5-E6B0AC1B6DA3}.Release|Any CPU.ActiveCfg = Release|Any CPU
		{C46A7F46-CD1E-4886-ACF5-E6B0AC1B6DA3}.Release|Any CPU.Build.0 = Release|Any CPU
	EndGlobalSection
	GlobalSection(SolutionProperties) = preSolution
		HideSolutionNode = FALSE
	EndGlobalSection
	GlobalSection(ExtensibilityGlobals) = postSolution
		SolutionGuid = {935499F1-5653-47FC-A9BC-9ACF0885587B}
	EndGlobalSection
EndGlobal
