
Microsoft Visual Studio Solution File, Format Version 12.00
# Visual Studio Version 16
VisualStudioVersion = 16.0.29613.14
MinimumVisualStudioVersion = 10.0.40219.1
Project("{FAE04EC0-301F-11D3-BF4B-00C04F79EFBC}") = "StaticAndPrivateConstructors", "StaticAndPrivateConstructors\StaticAndPrivateConstructors.csproj", "{2606C798-BB7B-4F42-B492-1DA8681E13EC}"
EndProject
Global
	GlobalSection(SolutionConfigurationPlatforms) = preSolution
		Debug|Any CPU = Debug|Any CPU
		Release|Any CPU = Release|Any CPU
	EndGlobalSection
	GlobalSection(ProjectConfigurationPlatforms) = postSolution
		{2606C798-BB7B-4F42-B492-1DA8681E13EC}.Debug|Any CPU.ActiveCfg = Debug|Any CPU
		{2606C798-BB7B-4F42-B492-1DA8681E13EC}.Debug|Any CPU.Build.0 = Debug|Any CPU
		{2606C798-BB7B-4F42-B492-1DA8681E13EC}.Release|Any CPU.ActiveCfg = Release|Any CPU
		{2606C798-BB7B-4F42-B492-1DA8681E13EC}.Release|Any CPU.Build.0 = Release|Any CPU
	EndGlobalSection
	GlobalSection(SolutionProperties) = preSolution
		HideSolutionNode = FALSE
	EndGlobalSection
	GlobalSection(ExtensibilityGlobals) = postSolution
		SolutionGuid = {F0EF5FB7-11A7-48F5-8657-ECED1DD09AF2}
	EndGlobalSection
EndGlobal
