
Microsoft Visual Studio Solution File, Format Version 12.00
# Visual Studio Version 16
VisualStudioVersion = 16.0.29613.14
MinimumVisualStudioVersion = 10.0.40219.1
Project("{FAE04EC0-301F-11D3-BF4B-00C04F79EFBC}") = "OverloadingConcept", "OverloadingConcept\OverloadingConcept.csproj", "{C86BEABE-AD74-4F0A-B480-BC38E3F84AAA}"
EndProject
Global
	GlobalSection(SolutionConfigurationPlatforms) = preSolution
		Debug|Any CPU = Debug|Any CPU
		Release|Any CPU = Release|Any CPU
	EndGlobalSection
	GlobalSection(ProjectConfigurationPlatforms) = postSolution
		{C86BEABE-AD74-4F0A-B480-BC38E3F84AAA}.Debug|Any CPU.ActiveCfg = Debug|Any CPU
		{C86BEABE-AD74-4F0A-B480-BC38E3F84AAA}.Debug|Any CPU.Build.0 = Debug|Any CPU
		{C86BEABE-AD74-4F0A-B480-BC38E3F84AAA}.Release|Any CPU.ActiveCfg = Release|Any CPU
		{C86BEABE-AD74-4F0A-B480-BC38E3F84AAA}.Release|Any CPU.Build.0 = Release|Any CPU
	EndGlobalSection
	GlobalSection(SolutionProperties) = preSolution
		HideSolutionNode = FALSE
	EndGlobalSection
	GlobalSection(ExtensibilityGlobals) = postSolution
		SolutionGuid = {61B6D315-AE80-4F90-A642-5D2CB834B7D7}
	EndGlobalSection
EndGlobal
