
Microsoft Visual Studio Solution File, Format Version 12.00
# Visual Studio Version 16
VisualStudioVersion = 16.0.29613.14
MinimumVisualStudioVersion = 10.0.40219.1
Project("{FAE04EC0-301F-11D3-BF4B-00C04F79EFBC}") = "AccessModifiers", "AccessModifiers\AccessModifiers.csproj", "{ED113BC8-D3F7-4049-845B-5085E1EB51CB}"
EndProject
Global
	GlobalSection(SolutionConfigurationPlatforms) = preSolution
		Debug|Any CPU = Debug|Any CPU
		Release|Any CPU = Release|Any CPU
	EndGlobalSection
	GlobalSection(ProjectConfigurationPlatforms) = postSolution
		{ED113BC8-D3F7-4049-845B-5085E1EB51CB}.Debug|Any CPU.ActiveCfg = Debug|Any CPU
		{ED113BC8-D3F7-4049-845B-5085E1EB51CB}.Debug|Any CPU.Build.0 = Debug|Any CPU
		{ED113BC8-D3F7-4049-845B-5085E1EB51CB}.Release|Any CPU.ActiveCfg = Release|Any CPU
		{ED113BC8-D3F7-4049-845B-5085E1EB51CB}.Release|Any CPU.Build.0 = Release|Any CPU
	EndGlobalSection
	GlobalSection(SolutionProperties) = preSolution
		HideSolutionNode = FALSE
	EndGlobalSection
	GlobalSection(ExtensibilityGlobals) = postSolution
		SolutionGuid = {9711D847-6E76-4A50-ABFE-661F03A74DB1}
	EndGlobalSection
EndGlobal
